
Microsoft Visual Studio Solution File, Format Version 12.00
# Visual Studio 15
VisualStudioVersion = 15.0.26124.0
MinimumVisualStudioVersion = 15.0.26124.0
Project("{9A19103F-16F7-4668-BE54-9A1E7A4F7556}") = "Dataflow.Linq", "Dataflow.Linq\Dataflow.Linq.csproj", "{4ABA9C90-922A-416E-B6C8-65E69F8FCE83}"
EndProject
Project("{9A19103F-16F7-4668-BE54-9A1E7A4F7556}") = "DataFlow.Linq.Examples", "DataFlow.Try\DataFlow.Linq.Examples.csproj", "{03E31A44-566C-45FD-9333-4628FD83FA87}"
EndProject
Global
	GlobalSection(SolutionConfigurationPlatforms) = preSolution
		Debug|Any CPU = Debug|Any CPU
		Debug|x64 = Debug|x64
		Debug|x86 = Debug|x86
		Release|Any CPU = Release|Any CPU
		Release|x64 = Release|x64
		Release|x86 = Release|x86
	EndGlobalSection
	GlobalSection(ProjectConfigurationPlatforms) = postSolution
		{4ABA9C90-922A-416E-B6C8-65E69F8FCE83}.Debug|Any CPU.ActiveCfg = Debug|Any CPU
		{4ABA9C90-922A-416E-B6C8-65E69F8FCE83}.Debug|Any CPU.Build.0 = Debug|Any CPU
		{4ABA9C90-922A-416E-B6C8-65E69F8FCE83}.Debug|x64.ActiveCfg = Debug|Any CPU
		{4ABA9C90-922A-416E-B6C8-65E69F8FCE83}.Debug|x64.Build.0 = Debug|Any CPU
		{4ABA9C90-922A-416E-B6C8-65E69F8FCE83}.Debug|x86.ActiveCfg = Debug|Any CPU
		{4ABA9C90-922A-416E-B6C8-65E69F8FCE83}.Debug|x86.Build.0 = Debug|Any CPU
		{4ABA9C90-922A-416E-B6C8-65E69F8FCE83}.Release|Any CPU.ActiveCfg = Release|Any CPU
		{4ABA9C90-922A-416E-B6C8-65E69F8FCE83}.Release|Any CPU.Build.0 = Release|Any CPU
		{4ABA9C90-922A-416E-B6C8-65E69F8FCE83}.Release|x64.ActiveCfg = Release|Any CPU
		{4ABA9C90-922A-416E-B6C8-65E69F8FCE83}.Release|x64.Build.0 = Release|Any CPU
		{4ABA9C90-922A-416E-B6C8-65E69F8FCE83}.Release|x86.ActiveCfg = Release|Any CPU
		{4ABA9C90-922A-416E-B6C8-65E69F8FCE83}.Release|x86.Build.0 = Release|Any CPU
		{03E31A44-566C-45FD-9333-4628FD83FA87}.Debug|Any CPU.ActiveCfg = Debug|Any CPU
		{03E31A44-566C-45FD-9333-4628FD83FA87}.Debug|Any CPU.Build.0 = Debug|Any CPU
		{03E31A44-566C-45FD-9333-4628FD83FA87}.Debug|x64.ActiveCfg = Debug|Any CPU
		{03E31A44-566C-45FD-9333-4628FD83FA87}.Debug|x64.Build.0 = Debug|Any CPU
		{03E31A44-566C-45FD-9333-4628FD83FA87}.Debug|x86.ActiveCfg = Debug|Any CPU
		{03E31A44-566C-45FD-9333-4628FD83FA87}.Debug|x86.Build.0 = Debug|Any CPU
		{03E31A44-566C-45FD-9333-4628FD83FA87}.Release|Any CPU.ActiveCfg = Release|Any CPU
		{03E31A44-566C-45FD-9333-4628FD83FA87}.Release|Any CPU.Build.0 = Release|Any CPU
		{03E31A44-566C-45FD-9333-4628FD83FA87}.Release|x64.ActiveCfg = Release|Any CPU
		{03E31A44-566C-45FD-9333-4628FD83FA87}.Release|x64.Build.0 = Release|Any CPU
		{03E31A44-566C-45FD-9333-4628FD83FA87}.Release|x86.ActiveCfg = Release|Any CPU
		{03E31A44-566C-45FD-9333-4628FD83FA87}.Release|x86.Build.0 = Release|Any CPU
	EndGlobalSection
	GlobalSection(SolutionProperties) = preSolution
		HideSolutionNode = FALSE
	EndGlobalSection
	GlobalSection(ExtensibilityGlobals) = postSolution
		SolutionGuid = {A262B2FC-C537-43FF-9ECE-894CA25D2F0B}
	EndGlobalSection
EndGlobal
